{"schema":"pih.development-lock.v1","support_status":"unsupported","kernel_packs":[{"pack_id":"pih.kernels.deepseek-v4.sm89","pack_version":"1.0.0","pack_abi":"pih.deepseek-sm89-kernel-pack.v1","architecture":"sm89","binary":"lib/pih_kernels_deepseek_v4_sm89.so"}],"plugins":[{"plugin_id":"pih.platform.linux","plugin_version":"1.0.0","entrypoint":"lib/pih_plugin_platform_linux.so"},{"plugin_id":"pih.storage.verified-artifact","plugin_version":"1.0.0","entrypoint":"lib/pih_plugin_storage_verified_artifact.so"},{"plugin_id":"pih.backend.nvidia-cuda","plugin_version":"1.0.0","entrypoint":"lib/pih_plugin_backend_nvidia_cuda.so"},{"plugin_id":"pih.execution.default","plugin_version":"1.0.0","entrypoint":"lib/pih_plugin_execution_default.so"},{"plugin_id":"pih.memory.host-spill","plugin_version":"1.0.0","entrypoint":"lib/pih_plugin_memory_host_spill.so"},{"plugin_id":"pih.model.deepseek-v4-flash","plugin_version":"1.0.0","entrypoint":"lib/pih_plugin_model_deepseek_v4_flash.so"},{"plugin_id":"pih.surface.openai-http","plugin_version":"1.0.0","entrypoint":"lib/pih_plugin_surface_openai_http.so"},{"plugin_id":"pih.surface.health","plugin_version":"1.0.0","entrypoint":"lib/pih_plugin_surface_health.so"}],"capabilities":[{"capability_id":"artifact.verified-reader.v1","provider_id":"pih.storage.verified-artifact","contract_id":"pih.artifact.verified-reader.v1","threading_model":2,"scope":2,"cardinality":1},{"capability_id":"device.cuda-async.v1","provider_id":"pih.backend.nvidia-cuda","contract_id":"pih.device.cuda-async.v1","threading_model":2,"scope":1,"cardinality":1},{"capability_id":"device.cuda-memory.v1","provider_id":"pih.backend.nvidia-cuda","contract_id":"pih.device.cuda-memory.v1","threading_model":2,"scope":1,"cardinality":1},{"capability_id":"device.cuda-resources.v1","provider_id":"pih.backend.nvidia-cuda","contract_id":"pih.device.cuda-resources.v1","threading_model":2,"scope":1,"cardinality":1},{"capability_id":"device.cuda-runtime.v1","provider_id":"pih.backend.nvidia-cuda","contract_id":"pih.device.cuda-runtime.v1","threading_model":2,"scope":1,"cardinality":1},{"capability_id":"engine.primary.v1","provider_id":"pih.model.deepseek-v4-flash","contract_id":"pih.engine.v1","threading_model":2,"scope":2,"cardinality":1},{"capability_id":"execution.controller.v1","provider_id":"pih.execution.default","contract_id":"pih.execution.controller.v1","threading_model":3,"scope":2,"cardinality":1},{"capability_id":"execution.default.v1","provider_id":"pih.execution.default","contract_id":"pih.execution.default.v1","threading_model":3,"scope":2,"cardinality":1},{"capability_id":"inference.text.v2","provider_id":"pih.model.deepseek-v4-flash","contract_id":"pih.inference.text.v2","threading_model":2,"scope":2,"cardinality":1},{"capability_id":"inference.tokens.v1","provider_id":"pih.model.deepseek-v4-flash","contract_id":"pih.inference.tokens.v1","threading_model":2,"scope":2,"cardinality":1},{"capability_id":"memory.host-spill.v1","provider_id":"pih.memory.host-spill","contract_id":"pih.memory.host-spill.v1","threading_model":2,"scope":2,"cardinality":1},{"capability_id":"pih.kernels.deepseek-v4.sm89","provider_id":"pih.kernels.deepseek-v4.sm89","contract_id":"pih.deepseek-sm89-kernel-pack.v1","threading_model":3,"scope":2,"cardinality":1},{"capability_id":"platform.linux.v1","provider_id":"pih.platform.linux","contract_id":"pih.platform.linux.v1","threading_model":2,"scope":1,"cardinality":1},{"capability_id":"surface.health.v1","provider_id":"pih.surface.health","contract_id":"pih.surface.health.v1","threading_model":3,"scope":2,"cardinality":1},{"capability_id":"surface.openai-http.v1","provider_id":"pih.surface.openai-http","contract_id":"pih.surface.openai-http.v1","threading_model":3,"scope":2,"cardinality":1}],"engine":{"capability_id":"engine.primary.v1","contract_id":"pih.engine.v1","activation_epoch":1,"configuration":{"schema":"pih.deepseek-v4-flash.pp1.v1","device_ordinal":0,"host_spill_enabled":1,"expert_slot_count":2,"staging_extent_count":2,"artifact_poll_interval_ms":1000,"attention_reserved_tokens_per_sequence":4096,"maximum_prefill_chunk_tokens":8192,"maximum_decode_sequences":4,"maximum_verify_sequences":4,"maximum_shard_bytes":8589934592,"target_generation_root":"artifacts/deepseek-v4-flash-0731","artifact_root_sha256_hex":"0000000000000000000000000000000000000000000000000000000000000000"},"smoke_http_body":{"model":"deepseek-v4-flash","prompt":"pih","max_tokens":1,"temperature":0,"top_p":1,"stop":["END"],"seed":7,"logprobs":true,"top_logprobs":2,"stream":false,"n":1,"echo":false,"user":"smoke"}}}
